// !$*UTF8*$!
{
	archiveVersion = 1;
	classes = {
	};
	objectVersion = 48;
	objects = {

/* Begin PBXBuildFile section */
		CBDA3555203B69EF00E2BFFB /* AppDelegate.swift in Sources */ = {isa = PBXBuildFile; fileRef = CBDA3554203B69EF00E2BFFB /* AppDelegate.swift */; };
		CBDA3557203B69EF00E2BFFB /* ViewController.swift in Sources */ = {isa = PBXBuildFile; fileRef = CBDA3556203B69EF00E2BFFB /* ViewController.swift */; };
		CBDA355A203B69EF00E2BFFB /* Main.storyboard in Resources */ = {isa = PBXBuildFile; fileRef = CBDA3558203B69EF00E2BFFB /* Main.storyboard */; };
		CBDA355D203B69EF00E2BFFB /* SOSBattleCounter.xcdatamodeld in Sources */ = {isa = PBXBuildFile; fileRef = CBDA355B203B69EF00E2BFFB /* SOSBattleCounter.xcdatamodeld */; };
		CBDA355F203B69EF00E2BFFB /* Assets.xcassets in Resources */ = {isa = PBXBuildFile; fileRef = CBDA355E203B69EF00E2BFFB /* Assets.xcassets */; };
		CBDA3562203B69EF00E2BFFB /* LaunchScreen.storyboard in Resources */ = {isa = PBXBuildFile; fileRef = CBDA3560203B69EF00E2BFFB /* LaunchScreen.storyboard */; };
		CBDA356D203B69EF00E2BFFB /* SOSBattleCounterTests.swift in Sources */ = {isa = PBXBuildFile; fileRef = CBDA356C203B69EF00E2BFFB /* SOSBattleCounterTests.swift */; };
		CBDA3578203B69EF00E2BFFB /* SOSBattleCounterUITests.swift in Sources */ = {isa = PBXBuildFile; fileRef = CBDA3577203B69EF00E2BFFB /* SOSBattleCounterUITests.swift */; };
/* End PBXBuildFile section */

/* Begin PBXContainerItemProxy section */
		CBDA3569203B69EF00E2BFFB /* PBXContainerItemProxy */ = {
			isa = PBXContainerItemProxy;
			containerPortal = CBDA3549203B69EF00E2BFFB /* Project object */;
			proxyType = 1;
			remoteGlobalIDString = CBDA3550203B69EF00E2BFFB;
			remoteInfo = SOSBattleCounter;
		};
		CBDA3574203B69EF00E2BFFB /* PBXContainerItemProxy */ = {
			isa = PBXContainerItemProxy;
			containerPortal = CBDA3549203B69EF00E2BFFB /* Project object */;
			proxyType = 1;
			remoteGlobalIDString = CBDA3550203B69EF00E2BFFB;
			remoteInfo = SOSBattleCounter;
		};
/* End PBXContainerItemProxy section */

/* Begin PBXFileReference section */
		CBDA3551203B69EF00E2BFFB /* SOSBattleCounter.app */ = {isa = PBXFileReference; explicitFileType = wrapper.application; includeInIndex = 0; path = SOSBattleCounter.app; sourceTree = BUILT_PRODUCTS_DIR; };
		CBDA3554203B69EF00E2BFFB /* AppDelegate.swift */ = {isa = PBXFileReference; lastKnownFileType = sourcecode.swift; path = AppDelegate.swift; sourceTree = "<group>"; };
		CBDA3556203B69EF00E2BFFB /* ViewController.swift */ = {isa = PBXFileReference; lastKnownFileType = sourcecode.swift; path = ViewController.swift; sourceTree = "<group>"; };
		CBDA3559203B69EF00E2BFFB /* Base */ = {isa = PBXFileReference; lastKnownFileType = file.storyboard; name = Base; path = Base.lproj/Main.storyboard; sourceTree = "<group>"; };
		CBDA355C203B69EF00E2BFFB /* SOSBattleCounter.xcdatamodel */ = {isa = PBXFileReference; lastKnownFileType = wrapper.xcdatamodel; path = SOSBattleCounter.xcdatamodel; sourceTree = "<group>"; };
		CBDA355E203B69EF00E2BFFB /* Assets.xcassets */ = {isa = PBXFileReference; lastKnownFileType = folder.assetcatalog; path = Assets.xcassets; sourceTree = "<group>"; };
		CBDA3561203B69EF00E2BFFB /* Base */ = {isa = PBXFileReference; lastKnownFileType = file.storyboard; name = Base; path = Base.lproj/LaunchScreen.storyboard; sourceTree = "<group>"; };
		CBDA3563203B69EF00E2BFFB /* Info.plist */ = {isa = PBXFileReference; lastKnownFileType = text.plist.xml; path = Info.plist; sourceTree = "<group>"; };
		CBDA3568203B69EF00E2BFFB /* SOSBattleCounterTests.xctest */ = {isa = PBXFileReference; explicitFileType = wrapper.cfbundle; includeInIndex = 0; path = SOSBattleCounterTests.xctest; sourceTree = BUILT_PRODUCTS_DIR; };
		CBDA356C203B69EF00E2BFFB /* SOSBattleCounterTests.swift */ = {isa = PBXFileReference; lastKnownFileType = sourcecode.swift; path = SOSBattleCounterTests.swift; sourceTree = "<group>"; };
		CBDA356E203B69EF00E2BFFB /* Info.plist */ = {isa = PBXFileReference; lastKnownFileType = text.plist.xml; path = Info.plist; sourceTree = "<group>"; };
		CBDA3573203B69EF00E2BFFB /* SOSBattleCounterUITests.xctest */ = {isa = PBXFileReference; explicitFileType = wrapper.cfbundle; includeInIndex = 0; path = SOSBattleCounterUITests.xctest; sourceTree = BUILT_PRODUCTS_DIR; };
		CBDA3577203B69EF00E2BFFB /* SOSBattleCounterUITests.swift */ = {isa = PBXFileReference; lastKnownFileType = sourcecode.swift; path = SOSBattleCounterUITests.swift; sourceTree = "<group>"; };
		CBDA3579203B69EF00E2BFFB /* Info.plist */ = {isa = PBXFileReference; lastKnownFileType = text.plist.xml; path = Info.plist; sourceTree = "<group>"; };
/* End PBXFileReference section */

/* Begin PBXFrameworksBuildPhase section */
		CBDA354E203B69EF00E2BFFB /* Frameworks */ = {
			isa = PBXFrameworksBuildPhase;
			buildActionMask = 2147483647;
			files = (
			);
			runOnlyForDeploymentPostprocessing = 0;
		};
		CBDA3565203B69EF00E2BFFB /* Frameworks */ = {
			isa = PBXFrameworksBuildPhase;
			buildActionMask = 2147483647;
			files = (
			);
			runOnlyForDeploymentPostprocessing = 0;
		};
		CBDA3570203B69EF00E2BFFB /* Frameworks */ = {
			isa = PBXFrameworksBuildPhase;
			buildActionMask = 2147483647;
			files = (
			);
			runOnlyForDeploymentPostprocessing = 0;
		};
/* End PBXFrameworksBuildPhase section */

/* Begin PBXGroup section */
		CBDA3548203B69EF00E2BFFB = {
			isa = PBXGroup;
			children = (
				CBDA3553203B69EF00E2BFFB /* SOSBattleCounter */,
				CBDA356B203B69EF00E2BFFB /* SOSBattleCounterTests */,
				CBDA3576203B69EF00E2BFFB /* SOSBattleCounterUITests */,
				CBDA3552203B69EF00E2BFFB /* Products */,
			);
			sourceTree = "<group>";
		};
		CBDA3552203B69EF00E2BFFB /* Products */ = {
			isa = PBXGroup;
			children = (
				CBDA3551203B69EF00E2BFFB /* SOSBattleCounter.app */,
				CBDA3568203B69EF00E2BFFB /* SOSBattleCounterTests.xctest */,
				CBDA3573203B69EF00E2BFFB /* SOSBattleCounterUITests.xctest */,
			);
			name = Products;
			sourceTree = "<group>";
		};
		CBDA3553203B69EF00E2BFFB /* SOSBattleCounter */ = {
			isa = PBXGroup;
			children = (
				CBDA3554203B69EF00E2BFFB /* AppDelegate.swift */,
				CBDA3556203B69EF00E2BFFB /* ViewController.swift */,
				CBDA3558203B69EF00E2BFFB /* Main.storyboard */,
				CBDA355E203B69EF00E2BFFB /* Assets.xcassets */,
				CBDA3560203B69EF00E2BFFB /* LaunchScreen.storyboard */,
				CBDA3563203B69EF00E2BFFB /* Info.plist */,
				CBDA355B203B69EF00E2BFFB /* SOSBattleCounter.xcdatamodeld */,
			);
			path = SOSBattleCounter;
			sourceTree = "<group>";
		};
		CBDA356B203B69EF00E2BFFB /* SOSBattleCounterTests */ = {
			isa = PBXGroup;
			children = (
				CBDA356C203B69EF00E2BFFB /* SOSBattleCounterTests.swift */,
				CBDA356E203B69EF00E2BFFB /* Info.plist */,
			);
			path = SOSBattleCounterTests;
			sourceTree = "<group>";
		};
		CBDA3576203B69EF00E2BFFB /* SOSBattleCounterUITests */ = {
			isa = PBXGroup;
			children = (
				CBDA3577203B69EF00E2BFFB /* SOSBattleCounterUITests.swift */,
				CBDA3579203B69EF00E2BFFB /* Info.plist */,
			);
			path = SOSBattleCounterUITests;
			sourceTree = "<group>";
		};
/* End PBXGroup section */

/* Begin PBXNativeTarget section */
		CBDA3550203B69EF00E2BFFB /* SOSBattleCounter */ = {
			isa = PBXNativeTarget;
			buildConfigurationList = CBDA357C203B69EF00E2BFFB /* Build configuration list for PBXNativeTarget "SOSBattleCounter" */;
			buildPhases = (
				CBDA354D203B69EF00E2BFFB /* Sources */,
				CBDA354E203B69EF00E2BFFB /* Frameworks */,
				CBDA354F203B69EF00E2BFFB /* Resources */,
			);
			buildRules = (
			);
			dependencies = (
			);
			name = SOSBattleCounter;
			productName = SOSBattleCounter;
			productReference = CBDA3551203B69EF00E2BFFB /* SOSBattleCounter.app */;
			productType = "com.apple.product-type.application";
		};
		CBDA3567203B69EF00E2BFFB /* SOSBattleCounterTests */ = {
			isa = PBXNativeTarget;
			buildConfigurationList = CBDA357F203B69EF00E2BFFB /* Build configuration list for PBXNativeTarget "SOSBattleCounterTests" */;
			buildPhases = (
				CBDA3564203B69EF00E2BFFB /* Sources */,
				CBDA3565203B69EF00E2BFFB /* Frameworks */,
				CBDA3566203B69EF00E2BFFB /* Resources */,
			);
			buildRules = (
			);
			dependencies = (
				CBDA356A203B69EF00E2BFFB /* PBXTargetDependency */,
			);
			name = SOSBattleCounterTests;
			productName = SOSBattleCounterTests;
			productReference = CBDA3568203B69EF00E2BFFB /* SOSBattleCounterTests.xctest */;
			productType = "com.apple.product-type.bundle.unit-test";
		};
		CBDA3572203B69EF00E2BFFB /* SOSBattleCounterUITests */ = {
			isa = PBXNativeTarget;
			buildConfigurationList = CBDA3582203B69EF00E2BFFB /* Build configuration list for PBXNativeTarget "SOSBattleCounterUITests" */;
			buildPhases = (
				CBDA356F203B69EF00E2BFFB /* Sources */,
				CBDA3570203B69EF00E2BFFB /* Frameworks */,
				CBDA3571203B69EF00E2BFFB /* Resources */,
			);
			buildRules = (
			);
			dependencies = (
				CBDA3575203B69EF00E2BFFB /* PBXTargetDependency */,
			);
			name = SOSBattleCounterUITests;
			productName = SOSBattleCounterUITests;
			productReference = CBDA3573203B69EF00E2BFFB /* SOSBattleCounterUITests.xctest */;
			productType = "com.apple.product-type.bundle.ui-testing";
		};
/* End PBXNativeTarget section */

/* Begin PBXProject section */
		CBDA3549203B69EF00E2BFFB /* Project object */ = {
			isa = PBXProject;
			attributes = {
				LastSwiftUpdateCheck = 0920;
				LastUpgradeCheck = 0920;
				ORGANIZATIONNAME = "Tengoku no Spoa";
				TargetAttributes = {
					CBDA3550203B69EF00E2BFFB = {
						CreatedOnToolsVersion = 9.2;
						ProvisioningStyle = Automatic;
					};
					CBDA3567203B69EF00E2BFFB = {
						CreatedOnToolsVersion = 9.2;
						ProvisioningStyle = Automatic;
						TestTargetID = CBDA3550203B69EF00E2BFFB;
					};
					CBDA3572203B69EF00E2BFFB = {
						CreatedOnToolsVersion = 9.2;
						ProvisioningStyle = Automatic;
						TestTargetID = CBDA3550203B69EF00E2BFFB;
					};
				};
			};
			buildConfigurationList = CBDA354C203B69EF00E2BFFB /* Build configuration list for PBXProject "SOSBattleCounter" */;
			compatibilityVersion = "Xcode 8.0";
			developmentRegion = en;
			hasScannedForEncodings = 0;
			knownRegions = (
				en,
				Base,
			);
			mainGroup = CBDA3548203B69EF00E2BFFB;
			productRefGroup = CBDA3552203B69EF00E2BFFB /* Products */;
			projectDirPath = "";
			projectRoot = "";
			targets = (
				CBDA3550203B69EF00E2BFFB /* SOSBattleCounter */,
				CBDA3567203B69EF00E2BFFB /* SOSBattleCounterTests */,
				CBDA3572203B69EF00E2BFFB /* SOSBattleCounterUITests */,
			);
		};
/* End PBXProject section */

/* Begin PBXResourcesBuildPhase section */
		CBDA354F203B69EF00E2BFFB /* Resources */ = {
			isa = PBXResourcesBuildPhase;
			buildActionMask = 2147483647;
			files = (
				CBDA3562203B69EF00E2BFFB /* LaunchScreen.storyboard in Resources */,
				CBDA355F203B69EF00E2BFFB /* Assets.xcassets in Resources */,
				CBDA355A203B69EF00E2BFFB /* Main.storyboard in Resources */,
			);
			runOnlyForDeploymentPostprocessing = 0;
		};
		CBDA3566203B69EF00E2BFFB /* Resources */ = {
			isa = PBXResourcesBuildPhase;
			buildActionMask = 2147483647;
			files = (
			);
			runOnlyForDeploymentPostprocessing = 0;
		};
		CBDA3571203B69EF00E2BFFB /* Resources */ = {
			isa = PBXResourcesBuildPhase;
			buildActionMask = 2147483647;
			files = (
			);
			runOnlyForDeploymentPostprocessing = 0;
		};
/* End PBXResourcesBuildPhase section */

/* Begin PBXSourcesBuildPhase section */
		CBDA354D203B69EF00E2BFFB /* Sources */ = {
			isa = PBXSourcesBuildPhase;
			buildActionMask = 2147483647;
			files = (
				CBDA3557203B69EF00E2BFFB /* ViewController.swift in Sources */,
				CBDA3555203B69EF00E2BFFB /* AppDelegate.swift in Sources */,
				CBDA355D203B69EF00E2BFFB /* SOSBattleCounter.xcdatamodeld in Sources */,
			);
			runOnlyForDeploymentPostprocessing = 0;
		};
		CBDA3564203B69EF00E2BFFB /* Sources */ = {
			isa = PBXSourcesBuildPhase;
			buildActionMask = 2147483647;
			files = (
				CBDA356D203B69EF00E2BFFB /* SOSBattleCounterTests.swift in Sources */,
			);
			runOnlyForDeploymentPostprocessing = 0;
		};
		CBDA356F203B69EF00E2BFFB /* Sources */ = {
			isa = PBXSourcesBuildPhase;
			buildActionMask = 2147483647;
			files = (
				CBDA3578203B69EF00E2BFFB /* SOSBattleCounterUITests.swift in Sources */,
			);
			runOnlyForDeploymentPostprocessing = 0;
		};
/* End PBXSourcesBuildPhase section */

/* Begin PBXTargetDependency section */
		CBDA356A203B69EF00E2BFFB /* PBXTargetDependency */ = {
			isa = PBXTargetDependency;
			target = CBDA3550203B69EF00E2BFFB /* SOSBattleCounter */;
			targetProxy = CBDA3569203B69EF00E2BFFB /* PBXContainerItemProxy */;
		};
		CBDA3575203B69EF00E2BFFB /* PBXTargetDependency */ = {
			isa = PBXTargetDependency;
			target = CBDA3550203B69EF00E2BFFB /* SOSBattleCounter */;
			targetProxy = CBDA3574203B69EF00E2BFFB /* PBXContainerItemProxy */;
		};
/* End PBXTargetDependency section */

/* Begin PBXVariantGroup section */
		CBDA3558203B69EF00E2BFFB /* Main.storyboard */ = {
			isa = PBXVariantGroup;
			children = (
				CBDA3559203B69EF00E2BFFB /* Base */,
			);
			name = Main.storyboard;
			sourceTree = "<group>";
		};
		CBDA3560203B69EF00E2BFFB /* LaunchScreen.storyboard */ = {
			isa = PBXVariantGroup;
			children = (
				CBDA3561203B69EF00E2BFFB /* Base */,
			);
			name = LaunchScreen.storyboard;
			sourceTree = "<group>";
		};
/* End PBXVariantGroup section */

/* Begin XCBuildConfiguration section */
		CBDA357A203B69EF00E2BFFB /* Debug */ = {
			isa = XCBuildConfiguration;
			buildSettings = {
				ALWAYS_SEARCH_USER_PATHS = NO;
				CLANG_ANALYZER_NONNULL = YES;
				CLANG_ANALYZER_NUMBER_OBJECT_CONVERSION = YES_AGGRESSIVE;
				CLANG_CXX_LANGUAGE_STANDARD = "gnu++14";
				CLANG_CXX_LIBRARY = "libc++";
				CLANG_ENABLE_MODULES = YES;
				CLANG_ENABLE_OBJC_ARC = YES;
				CLANG_WARN_BLOCK_CAPTURE_AUTORELEASING = YES;
				CLANG_WARN_BOOL_CONVERSION = YES;
				CLANG_WARN_COMMA = YES;
				CLANG_WARN_CONSTANT_CONVERSION = YES;
				CLANG_WARN_DIRECT_OBJC_ISA_USAGE = YES_ERROR;
				CLANG_WARN_DOCUMENTATION_COMMENTS = YES;
				CLANG_WARN_EMPTY_BODY = YES;
				CLANG_WARN_ENUM_CONVERSION = YES;
				CLANG_WARN_INFINITE_RECURSION = YES;
				CLANG_WARN_INT_CONVERSION = YES;
				CLANG_WARN_NON_LITERAL_NULL_CONVERSION = YES;
				CLANG_WARN_OBJC_LITERAL_CONVERSION = YES;
				CLANG_WARN_OBJC_ROOT_CLASS = YES_ERROR;
				CLANG_WARN_RANGE_LOOP_ANALYSIS = YES;
				CLANG_WARN_STRICT_PROTOTYPES = YES;
				CLANG_WARN_SUSPICIOUS_MOVE = YES;
				CLANG_WARN_UNGUARDED_AVAILABILITY = YES_AGGRESSIVE;
				CLANG_WARN_UNREACHABLE_CODE = YES;
				CLANG_WARN__DUPLICATE_METHOD_MATCH = YES;
				CODE_SIGN_IDENTITY = "iPhone Developer";
				COPY_PHASE_STRIP = NO;
				DEBUG_INFORMATION_FORMAT = dwarf;
				ENABLE_STRICT_OBJC_MSGSEND = YES;
				ENABLE_TESTABILITY = YES;
				GCC_C_LANGUAGE_STANDARD = gnu11;
				GCC_DYNAMIC_NO_PIC = NO;
				GCC_NO_COMMON_BLOCKS = YES;
				GCC_OPTIMIZATION_LEVEL = 0;
				GCC_PREPROCESSOR_DEFINITIONS = (
					"DEBUG=1",
					"$(inherited)",
				);
				GCC_WARN_64_TO_32_BIT_CONVERSION = YES;
				GCC_WARN_ABOUT_RETURN_TYPE = YES_ERROR;
				GCC_WARN_UNDECLARED_SELECTOR = YES;
				GCC_WARN_UNINITIALIZED_AUTOS = YES_AGGRESSIVE;
				GCC_WARN_UNUSED_FUNCTION = YES;
				GCC_WARN_UNUSED_VARIABLE = YES;
				IPHONEOS_DEPLOYMENT_TARGET = 11.2;
				MTL_ENABLE_DEBUG_INFO = YES;
				ONLY_ACTIVE_ARCH = YES;
				SDKROOT = iphoneos;
				SWIFT_ACTIVE_COMPILATION_CONDITIONS = DEBUG;
				SWIFT_OPTIMIZATION_LEVEL = "-Onone";
			};
			name = Debug;
		};
		CBDA357B203B69EF00E2BFFB /* Release */ = {
			isa = XCBuildConfiguration;
			buildSettings = {
				ALWAYS_SEARCH_USER_PATHS = NO;
				CLANG_ANALYZER_NONNULL = YES;
				CLANG_ANALYZER_NUMBER_OBJECT_CONVERSION = YES_AGGRESSIVE;
				CLANG_CXX_LANGUAGE_STANDARD = "gnu++14";
				CLANG_CXX_LIBRARY = "libc++";
				CLANG_ENABLE_MODULES = YES;
				CLANG_ENABLE_OBJC_ARC = YES;
				CLANG_WARN_BLOCK_CAPTURE_AUTORELEASING = YES;
				CLANG_WARN_BOOL_CONVERSION = YES;
				CLANG_WARN_COMMA = YES;
				CLANG_WARN_CONSTANT_CONVERSION = YES;
				CLANG_WARN_DIRECT_OBJC_ISA_USAGE = YES_ERROR;
				CLANG_WARN_DOCUMENTATION_COMMENTS = YES;
				CLANG_WARN_EMPTY_BODY = YES;
				CLANG_WARN_ENUM_CONVERSION = YES;
				CLANG_WARN_INFINITE_RECURSION = YES;
				CLANG_WARN_INT_CONVERSION = YES;
				CLANG_WARN_NON_LITERAL_NULL_CONVERSION = YES;
				CLANG_WARN_OBJC_LITERAL_CONVERSION = YES;
				CLANG_WARN_OBJC_ROOT_CLASS = YES_ERROR;
				CLANG_WARN_RANGE_LOOP_ANALYSIS = YES;
				CLANG_WARN_STRICT_PROTOTYPES = YES;
				CLANG_WARN_SUSPICIOUS_MOVE = YES;
				CLANG_WARN_UNGUARDED_AVAILABILITY = YES_AGGRESSIVE;
				CLANG_WARN_UNREACHABLE_CODE = YES;
				CLANG_WARN__DUPLICATE_METHOD_MATCH = YES;
				CODE_SIGN_IDENTITY = "iPhone Developer";
				COPY_PHASE_STRIP = NO;
				DEBUG_INFORMATION_FORMAT = "dwarf-with-dsym";
				ENABLE_NS_ASSERTIONS = NO;
				ENABLE_STRICT_OBJC_MSGSEND = YES;
				GCC_C_LANGUAGE_STANDARD = gnu11;
				GCC_NO_COMMON_BLOCKS = YES;
				GCC_WARN_64_TO_32_BIT_CONVERSION = YES;
				GCC_WARN_ABOUT_RETURN_TYPE = YES_ERROR;
				GCC_WARN_UNDECLARED_SELECTOR = YES;
				GCC_WARN_UNINITIALIZED_AUTOS = YES_AGGRESSIVE;
				GCC_WARN_UNUSED_FUNCTION = YES;
				GCC_WARN_UNUSED_VARIABLE = YES;
				IPHONEOS_DEPLOYMENT_TARGET = 11.2;
				MTL_ENABLE_DEBUG_INFO = NO;
				SDKROOT = iphoneos;
				SWIFT_OPTIMIZATION_LEVEL = "-Owholemodule";
				VALIDATE_PRODUCT = YES;
			};
			name = Release;
		};
		CBDA357D203B69EF00E2BFFB /* Debug */ = {
			isa = XCBuildConfiguration;
			buildSettings = {
				ASSETCATALOG_COMPILER_APPICON_NAME = AppIcon;
				CODE_SIGN_STYLE = Automatic;
				DEVELOPMENT_TEAM = DLW9CMP935;
				INFOPLIST_FILE = SOSBattleCounter/Info.plist;
				LD_RUNPATH_SEARCH_PATHS = "$(inherited) @executable_path/Frameworks";
				PRODUCT_BUNDLE_IDENTIFIER = com.JCIDITD.SOSBattleCounter;
				PRODUCT_NAME = "$(TARGET_NAME)";
				SWIFT_VERSION = 4.0;
				TARGETED_DEVICE_FAMILY = "1,2";
			};
			name = Debug;
		};
		CBDA357E203B69EF00E2BFFB /* Release */ = {
			isa = XCBuildConfiguration;
			buildSettings = {
				ASSETCATALOG_COMPILER_APPICON_NAME = AppIcon;
				CODE_SIGN_STYLE = Automatic;
				DEVELOPMENT_TEAM = DLW9CMP935;
				INFOPLIST_FILE = SOSBattleCounter/Info.plist;
				LD_RUNPATH_SEARCH_PATHS = "$(inherited) @executable_path/Frameworks";
				PRODUCT_BUNDLE_IDENTIFIER = com.JCIDITD.SOSBattleCounter;
				PRODUCT_NAME = "$(TARGET_NAME)";
				SWIFT_VERSION = 4.0;
				TARGETED_DEVICE_FAMILY = "1,2";
			};
			name = Release;
		};
		CBDA3580203B69EF00E2BFFB /* Debug */ = {
			isa = XCBuildConfiguration;
			buildSettings = {
				ALWAYS_EMBED_SWIFT_STANDARD_LIBRARIES = YES;
				BUNDLE_LOADER = "$(TEST_HOST)";
				CODE_SIGN_STYLE = Automatic;
				DEVELOPMENT_TEAM = DLW9CMP935;
				INFOPLIST_FILE = SOSBattleCounterTests/Info.plist;
				LD_RUNPATH_SEARCH_PATHS = "$(inherited) @executable_path/Frameworks @loader_path/Frameworks";
				PRODUCT_BUNDLE_IDENTIFIER = com.JCIDITD.SOSBattleCounterTests;
				PRODUCT_NAME = "$(TARGET_NAME)";
				SWIFT_VERSION = 4.0;
				TARGETED_DEVICE_FAMILY = "1,2";
				TEST_HOST = "$(BUILT_PRODUCTS_DIR)/SOSBattleCounter.app/SOSBattleCounter";
			};
			name = Debug;
		};
		CBDA3581203B69EF00E2BFFB /* Release */ = {
			isa = XCBuildConfiguration;
			buildSettings = {
				ALWAYS_EMBED_SWIFT_STANDARD_LIBRARIES = YES;
				BUNDLE_LOADER = "$(TEST_HOST)";
				CODE_SIGN_STYLE = Automatic;
				DEVELOPMENT_TEAM = DLW9CMP935;
				INFOPLIST_FILE = SOSBattleCounterTests/Info.plist;
				LD_RUNPATH_SEARCH_PATHS = "$(inherited) @executable_path/Frameworks @loader_path/Frameworks";
				PRODUCT_BUNDLE_IDENTIFIER = com.JCIDITD.SOSBattleCounterTests;
				PRODUCT_NAME = "$(TARGET_NAME)";
				SWIFT_VERSION = 4.0;
				TARGETED_DEVICE_FAMILY = "1,2";
				TEST_HOST = "$(BUILT_PRODUCTS_DIR)/SOSBattleCounter.app/SOSBattleCounter";
			};
			name = Release;
		};
		CBDA3583203B69EF00E2BFFB /* Debug */ = {
			isa = XCBuildConfiguration;
			buildSettings = {
				ALWAYS_EMBED_SWIFT_STANDARD_LIBRARIES = YES;
				CODE_SIGN_STYLE = Automatic;
				DEVELOPMENT_TEAM = DLW9CMP935;
				INFOPLIST_FILE = SOSBattleCounterUITests/Info.plist;
				LD_RUNPATH_SEARCH_PATHS = "$(inherited) @executable_path/Frameworks @loader_path/Frameworks";
				PRODUCT_BUNDLE_IDENTIFIER = com.JCIDITD.SOSBattleCounterUITests;
				PRODUCT_NAME = "$(TARGET_NAME)";
				SWIFT_VERSION = 4.0;
				TARGETED_DEVICE_FAMILY = "1,2";
				TEST_TARGET_NAME = SOSBattleCounter;
			};
			name = Debug;
		};
		CBDA3584203B69EF00E2BFFB /* Release */ = {
			isa = XCBuildConfiguration;
			buildSettings = {
				ALWAYS_EMBED_SWIFT_STANDARD_LIBRARIES = YES;
				CODE_SIGN_STYLE = Automatic;
				DEVELOPMENT_TEAM = DLW9CMP935;
				INFOPLIST_FILE = SOSBattleCounterUITests/Info.plist;
				LD_RUNPATH_SEARCH_PATHS = "$(inherited) @executable_path/Frameworks @loader_path/Frameworks";
				PRODUCT_BUNDLE_IDENTIFIER = com.JCIDITD.SOSBattleCounterUITests;
				PRODUCT_NAME = "$(TARGET_NAME)";
				SWIFT_VERSION = 4.0;
				TARGETED_DEVICE_FAMILY = "1,2";
				TEST_TARGET_NAME = SOSBattleCounter;
			};
			name = Release;
		};
/* End XCBuildConfiguration section */

/* Begin XCConfigurationList section */
		CBDA354C203B69EF00E2BFFB /* Build configuration list for PBXProject "SOSBattleCounter" */ = {
			isa = XCConfigurationList;
			buildConfigurations = (
				CBDA357A203B69EF00E2BFFB /* Debug */,
				CBDA357B203B69EF00E2BFFB /* Release */,
			);
			defaultConfigurationIsVisible = 0;
			defaultConfigurationName = Release;
		};
		CBDA357C203B69EF00E2BFFB /* Build configuration list for PBXNativeTarget "SOSBattleCounter" */ = {
			isa = XCConfigurationList;
			buildConfigurations = (
				CBDA357D203B69EF00E2BFFB /* Debug */,
				CBDA357E203B69EF00E2BFFB /* Release */,
			);
			defaultConfigurationIsVisible = 0;
			defaultConfigurationName = Release;
		};
		CBDA357F203B69EF00E2BFFB /* Build configuration list for PBXNativeTarget "SOSBattleCounterTests" */ = {
			isa = XCConfigurationList;
			buildConfigurations = (
				CBDA3580203B69EF00E2BFFB /* Debug */,
				CBDA3581203B69EF00E2BFFB /* Release */,
			);
			defaultConfigurationIsVisible = 0;
			defaultConfigurationName = Release;
		};
		CBDA3582203B69EF00E2BFFB /* Build configuration list for PBXNativeTarget "SOSBattleCounterUITests" */ = {
			isa = XCConfigurationList;
			buildConfigurations = (
				CBDA3583203B69EF00E2BFFB /* Debug */,
				CBDA3584203B69EF00E2BFFB /* Release */,
			);
			defaultConfigurationIsVisible = 0;
			defaultConfigurationName = Release;
		};
/* End XCConfigurationList section */

/* Begin XCVersionGroup section */
		CBDA355B203B69EF00E2BFFB /* SOSBattleCounter.xcdatamodeld */ = {
			isa = XCVersionGroup;
			children = (
				CBDA355C203B69EF00E2BFFB /* SOSBattleCounter.xcdatamodel */,
			);
			currentVersion = CBDA355C203B69EF00E2BFFB /* SOSBattleCounter.xcdatamodel */;
			path = SOSBattleCounter.xcdatamodeld;
			sourceTree = "<group>";
			versionGroupType = wrapper.xcdatamodel;
		};
/* End XCVersionGroup section */
	};
	rootObject = CBDA3549203B69EF00E2BFFB /* Project object */;
}
